
Microsoft Visual Studio Solution File, Format Version 12.00
# Visual Studio 2013
VisualStudioVersion = 12.0.31101.0
MinimumVisualStudioVersion = 10.0.40219.1
Project("{2150E333-8FDC-42A3-9474-1A3956D46DE8}") = "Tests", "Tests", "{816F1DBD-F131-4FEE-BE88-063177BFAF75}"
EndProject
Project("{2150E333-8FDC-42A3-9474-1A3956D46DE8}") = "Framework", "Framework", "{5E17888E-0FBF-490B-86E4-158D2E1F0C31}"
EndProject
Project("{FAE04EC0-301F-11D3-BF4B-00C04F79EFBC}") = "XDB", "XDB\XDB.csproj", "{431D0649-0DAE-4138-A6F0-1C57910CC7A7}"
EndProject
Project("{FAE04EC0-301F-11D3-BF4B-00C04F79EFBC}") = "XDB.UI", "XDB.UI\XDB.UI.csproj", "{B2238923-6C48-4BB7-969D-8EFC6333052B}"
EndProject
Project("{FAE04EC0-301F-11D3-BF4B-00C04F79EFBC}") = "XDB.Tests.Unit", "XDB.Tests.Unit\XDB.Tests.Unit.csproj", "{52E48CF8-0F26-42AB-BBA9-48A203BCEAC1}"
EndProject
Project("{2150E333-8FDC-42A3-9474-1A3956D46DE8}") = "Data", "Data", "{66952D07-07DF-4544-BFCD-0B5E90FC6DD7}"
EndProject
Project("{FAE04EC0-301F-11D3-BF4B-00C04F79EFBC}") = "XDB.Data", "XDB.Data\XDB.Data.csproj", "{1585A1F7-81A9-4779-A338-8292F4C30FB3}"
EndProject
Global
	GlobalSection(SolutionConfigurationPlatforms) = preSolution
		Debug|Any CPU = Debug|Any CPU
		Release|Any CPU = Release|Any CPU
	EndGlobalSection
	GlobalSection(ProjectConfigurationPlatforms) = postSolution
		{431D0649-0DAE-4138-A6F0-1C57910CC7A7}.Debug|Any CPU.ActiveCfg = Debug|Any CPU
		{431D0649-0DAE-4138-A6F0-1C57910CC7A7}.Debug|Any CPU.Build.0 = Debug|Any CPU
		{431D0649-0DAE-4138-A6F0-1C57910CC7A7}.Release|Any CPU.ActiveCfg = Release|Any CPU
		{431D0649-0DAE-4138-A6F0-1C57910CC7A7}.Release|Any CPU.Build.0 = Release|Any CPU
		{B2238923-6C48-4BB7-969D-8EFC6333052B}.Debug|Any CPU.ActiveCfg = Debug|Any CPU
		{B2238923-6C48-4BB7-969D-8EFC6333052B}.Debug|Any CPU.Build.0 = Debug|Any CPU
		{B2238923-6C48-4BB7-969D-8EFC6333052B}.Release|Any CPU.ActiveCfg = Release|Any CPU
		{B2238923-6C48-4BB7-969D-8EFC6333052B}.Release|Any CPU.Build.0 = Release|Any CPU
		{52E48CF8-0F26-42AB-BBA9-48A203BCEAC1}.Debug|Any CPU.ActiveCfg = Debug|Any CPU
		{52E48CF8-0F26-42AB-BBA9-48A203BCEAC1}.Debug|Any CPU.Build.0 = Debug|Any CPU
		{52E48CF8-0F26-42AB-BBA9-48A203BCEAC1}.Release|Any CPU.ActiveCfg = Release|Any CPU
		{52E48CF8-0F26-42AB-BBA9-48A203BCEAC1}.Release|Any CPU.Build.0 = Release|Any CPU
		{1585A1F7-81A9-4779-A338-8292F4C30FB3}.Debug|Any CPU.ActiveCfg = Debug|Any CPU
		{1585A1F7-81A9-4779-A338-8292F4C30FB3}.Debug|Any CPU.Build.0 = Debug|Any CPU
		{1585A1F7-81A9-4779-A338-8292F4C30FB3}.Release|Any CPU.ActiveCfg = Release|Any CPU
		{1585A1F7-81A9-4779-A338-8292F4C30FB3}.Release|Any CPU.Build.0 = Release|Any CPU
	EndGlobalSection
	GlobalSection(SolutionProperties) = preSolution
		HideSolutionNode = FALSE
	EndGlobalSection
	GlobalSection(NestedProjects) = preSolution
		{431D0649-0DAE-4138-A6F0-1C57910CC7A7} = {5E17888E-0FBF-490B-86E4-158D2E1F0C31}
		{B2238923-6C48-4BB7-969D-8EFC6333052B} = {5E17888E-0FBF-490B-86E4-158D2E1F0C31}
		{52E48CF8-0F26-42AB-BBA9-48A203BCEAC1} = {816F1DBD-F131-4FEE-BE88-063177BFAF75}
		{1585A1F7-81A9-4779-A338-8292F4C30FB3} = {66952D07-07DF-4544-BFCD-0B5E90FC6DD7}
	EndGlobalSection
EndGlobal
