
Microsoft Visual Studio Solution File, Format Version 12.00
# Visual Studio 2013
VisualStudioVersion = 12.0.31101.0
MinimumVisualStudioVersion = 10.0.40219.1
Project("{FAE04EC0-301F-11D3-BF4B-00C04F79EFBC}") = "XDB.Core", "XDB.Core\XDB.Core.csproj", "{F704B2E2-0845-425B-BD44-322446DA6D33}"
EndProject
Project("{FAE04EC0-301F-11D3-BF4B-00C04F79EFBC}") = "XDB.Common", "XDB.Common\XDB.Common.csproj", "{F28FF5D0-B4FA-4BB1-B93A-4529BFCE34D9}"
EndProject
Project("{2150E333-8FDC-42A3-9474-1A3956D46DE8}") = "API", "API", "{F3DFC347-1D12-4C85-8938-1F0618EA933C}"
EndProject
Project("{2150E333-8FDC-42A3-9474-1A3956D46DE8}") = "Tests", "Tests", "{816F1DBD-F131-4FEE-BE88-063177BFAF75}"
EndProject
Project("{FAE04EC0-301F-11D3-BF4B-00C04F79EFBC}") = "XDB.Core.Tests.Unit", "XDB.Core.Tests.Unit\XDB.Core.Tests.Unit.csproj", "{EC29A8E6-AFF0-4386-8529-C8FCD6762AD3}"
EndProject
Project("{FAE04EC0-301F-11D3-BF4B-00C04F79EFBC}") = "XDB.Common.Tests.Unit", "XDB.Common.Tests.Unit\XDB.Common.Tests.Unit.csproj", "{EF768D89-5CAB-41E9-A323-679C6822FDBD}"
EndProject
Global
	GlobalSection(SolutionConfigurationPlatforms) = preSolution
		Debug|Any CPU = Debug|Any CPU
		Release|Any CPU = Release|Any CPU
	EndGlobalSection
	GlobalSection(ProjectConfigurationPlatforms) = postSolution
		{F704B2E2-0845-425B-BD44-322446DA6D33}.Debug|Any CPU.ActiveCfg = Debug|Any CPU
		{F704B2E2-0845-425B-BD44-322446DA6D33}.Debug|Any CPU.Build.0 = Debug|Any CPU
		{F704B2E2-0845-425B-BD44-322446DA6D33}.Release|Any CPU.ActiveCfg = Release|Any CPU
		{F704B2E2-0845-425B-BD44-322446DA6D33}.Release|Any CPU.Build.0 = Release|Any CPU
		{F28FF5D0-B4FA-4BB1-B93A-4529BFCE34D9}.Debug|Any CPU.ActiveCfg = Debug|Any CPU
		{F28FF5D0-B4FA-4BB1-B93A-4529BFCE34D9}.Debug|Any CPU.Build.0 = Debug|Any CPU
		{F28FF5D0-B4FA-4BB1-B93A-4529BFCE34D9}.Release|Any CPU.ActiveCfg = Release|Any CPU
		{F28FF5D0-B4FA-4BB1-B93A-4529BFCE34D9}.Release|Any CPU.Build.0 = Release|Any CPU
		{EC29A8E6-AFF0-4386-8529-C8FCD6762AD3}.Debug|Any CPU.ActiveCfg = Debug|Any CPU
		{EC29A8E6-AFF0-4386-8529-C8FCD6762AD3}.Debug|Any CPU.Build.0 = Debug|Any CPU
		{EC29A8E6-AFF0-4386-8529-C8FCD6762AD3}.Release|Any CPU.ActiveCfg = Release|Any CPU
		{EC29A8E6-AFF0-4386-8529-C8FCD6762AD3}.Release|Any CPU.Build.0 = Release|Any CPU
		{EF768D89-5CAB-41E9-A323-679C6822FDBD}.Debug|Any CPU.ActiveCfg = Debug|Any CPU
		{EF768D89-5CAB-41E9-A323-679C6822FDBD}.Debug|Any CPU.Build.0 = Debug|Any CPU
		{EF768D89-5CAB-41E9-A323-679C6822FDBD}.Release|Any CPU.ActiveCfg = Release|Any CPU
		{EF768D89-5CAB-41E9-A323-679C6822FDBD}.Release|Any CPU.Build.0 = Release|Any CPU
	EndGlobalSection
	GlobalSection(SolutionProperties) = preSolution
		HideSolutionNode = FALSE
	EndGlobalSection
	GlobalSection(NestedProjects) = preSolution
		{F704B2E2-0845-425B-BD44-322446DA6D33} = {F3DFC347-1D12-4C85-8938-1F0618EA933C}
		{F28FF5D0-B4FA-4BB1-B93A-4529BFCE34D9} = {F3DFC347-1D12-4C85-8938-1F0618EA933C}
		{EC29A8E6-AFF0-4386-8529-C8FCD6762AD3} = {816F1DBD-F131-4FEE-BE88-063177BFAF75}
		{EF768D89-5CAB-41E9-A323-679C6822FDBD} = {816F1DBD-F131-4FEE-BE88-063177BFAF75}
	EndGlobalSection
EndGlobal
