
Microsoft Visual Studio Solution File, Format Version 12.00
# Visual Studio 2013
VisualStudioVersion = 12.0.31101.0
MinimumVisualStudioVersion = 10.0.40219.1
Project("{2150E333-8FDC-42A3-9474-1A3956D46DE8}") = "Tests", "Tests", "{816F1DBD-F131-4FEE-BE88-063177BFAF75}"
EndProject
Project("{2150E333-8FDC-42A3-9474-1A3956D46DE8}") = "Framework", "Framework", "{5E17888E-0FBF-490B-86E4-158D2E1F0C31}"
EndProject
Project("{FAE04EC0-301F-11D3-BF4B-00C04F79EFBC}") = "XDB", "XDB\XDB.csproj", "{431D0649-0DAE-4138-A6F0-1C57910CC7A7}"
EndProject
Project("{FAE04EC0-301F-11D3-BF4B-00C04F79EFBC}") = "XDB.UI", "XDB.UI\XDB.UI.csproj", "{B2238923-6C48-4BB7-969D-8EFC6333052B}"
EndProject
Project("{FAE04EC0-301F-11D3-BF4B-00C04F79EFBC}") = "XDB.Tests.Unit", "XDB.Tests.Unit\XDB.Tests.Unit.csproj", "{52E48CF8-0F26-42AB-BBA9-48A203BCEAC1}"
EndProject
Project("{FAE04EC0-301F-11D3-BF4B-00C04F79EFBC}") = "XDB.Common", "XDB.Common\XDB.Common.csproj", "{0464D0A4-13A2-4A34-8A73-0731A148EDBE}"
EndProject
Project("{FAE04EC0-301F-11D3-BF4B-00C04F79EFBC}") = "XDB.Data", "XDB.Data\XDB.Data.csproj", "{28BCB16D-C478-4F49-9ACA-60DE5CD0E2BB}"
EndProject
Project("{FAE04EC0-301F-11D3-BF4B-00C04F79EFBC}") = "XDB.Domain", "XDB.Domain\XDB.Domain.csproj", "{21F93CD3-3634-4F93-BFEC-90F7DA76E758}"
EndProject
Project("{FAE04EC0-301F-11D3-BF4B-00C04F79EFBC}") = "XDB.Models", "XDB.Models\XDB.Models.csproj", "{B97CAF8C-60D3-47CF-9DF0-740A3785AA20}"
EndProject
Global
	GlobalSection(SolutionConfigurationPlatforms) = preSolution
		Debug|Any CPU = Debug|Any CPU
		Release|Any CPU = Release|Any CPU
	EndGlobalSection
	GlobalSection(ProjectConfigurationPlatforms) = postSolution
		{431D0649-0DAE-4138-A6F0-1C57910CC7A7}.Debug|Any CPU.ActiveCfg = Debug|Any CPU
		{431D0649-0DAE-4138-A6F0-1C57910CC7A7}.Debug|Any CPU.Build.0 = Debug|Any CPU
		{431D0649-0DAE-4138-A6F0-1C57910CC7A7}.Release|Any CPU.ActiveCfg = Release|Any CPU
		{431D0649-0DAE-4138-A6F0-1C57910CC7A7}.Release|Any CPU.Build.0 = Release|Any CPU
		{B2238923-6C48-4BB7-969D-8EFC6333052B}.Debug|Any CPU.ActiveCfg = Debug|Any CPU
		{B2238923-6C48-4BB7-969D-8EFC6333052B}.Debug|Any CPU.Build.0 = Debug|Any CPU
		{B2238923-6C48-4BB7-969D-8EFC6333052B}.Release|Any CPU.ActiveCfg = Release|Any CPU
		{B2238923-6C48-4BB7-969D-8EFC6333052B}.Release|Any CPU.Build.0 = Release|Any CPU
		{52E48CF8-0F26-42AB-BBA9-48A203BCEAC1}.Debug|Any CPU.ActiveCfg = Debug|Any CPU
		{52E48CF8-0F26-42AB-BBA9-48A203BCEAC1}.Debug|Any CPU.Build.0 = Debug|Any CPU
		{52E48CF8-0F26-42AB-BBA9-48A203BCEAC1}.Release|Any CPU.ActiveCfg = Release|Any CPU
		{52E48CF8-0F26-42AB-BBA9-48A203BCEAC1}.Release|Any CPU.Build.0 = Release|Any CPU
		{0464D0A4-13A2-4A34-8A73-0731A148EDBE}.Debug|Any CPU.ActiveCfg = Debug|Any CPU
		{0464D0A4-13A2-4A34-8A73-0731A148EDBE}.Debug|Any CPU.Build.0 = Debug|Any CPU
		{0464D0A4-13A2-4A34-8A73-0731A148EDBE}.Release|Any CPU.ActiveCfg = Release|Any CPU
		{0464D0A4-13A2-4A34-8A73-0731A148EDBE}.Release|Any CPU.Build.0 = Release|Any CPU
		{28BCB16D-C478-4F49-9ACA-60DE5CD0E2BB}.Debug|Any CPU.ActiveCfg = Debug|Any CPU
		{28BCB16D-C478-4F49-9ACA-60DE5CD0E2BB}.Debug|Any CPU.Build.0 = Debug|Any CPU
		{28BCB16D-C478-4F49-9ACA-60DE5CD0E2BB}.Release|Any CPU.ActiveCfg = Release|Any CPU
		{28BCB16D-C478-4F49-9ACA-60DE5CD0E2BB}.Release|Any CPU.Build.0 = Release|Any CPU
		{21F93CD3-3634-4F93-BFEC-90F7DA76E758}.Debug|Any CPU.ActiveCfg = Debug|Any CPU
		{21F93CD3-3634-4F93-BFEC-90F7DA76E758}.Debug|Any CPU.Build.0 = Debug|Any CPU
		{21F93CD3-3634-4F93-BFEC-90F7DA76E758}.Release|Any CPU.ActiveCfg = Release|Any CPU
		{21F93CD3-3634-4F93-BFEC-90F7DA76E758}.Release|Any CPU.Build.0 = Release|Any CPU
		{B97CAF8C-60D3-47CF-9DF0-740A3785AA20}.Debug|Any CPU.ActiveCfg = Debug|Any CPU
		{B97CAF8C-60D3-47CF-9DF0-740A3785AA20}.Debug|Any CPU.Build.0 = Debug|Any CPU
		{B97CAF8C-60D3-47CF-9DF0-740A3785AA20}.Release|Any CPU.ActiveCfg = Release|Any CPU
		{B97CAF8C-60D3-47CF-9DF0-740A3785AA20}.Release|Any CPU.Build.0 = Release|Any CPU
	EndGlobalSection
	GlobalSection(SolutionProperties) = preSolution
		HideSolutionNode = FALSE
	EndGlobalSection
	GlobalSection(NestedProjects) = preSolution
		{431D0649-0DAE-4138-A6F0-1C57910CC7A7} = {5E17888E-0FBF-490B-86E4-158D2E1F0C31}
		{B2238923-6C48-4BB7-969D-8EFC6333052B} = {5E17888E-0FBF-490B-86E4-158D2E1F0C31}
		{52E48CF8-0F26-42AB-BBA9-48A203BCEAC1} = {816F1DBD-F131-4FEE-BE88-063177BFAF75}
		{0464D0A4-13A2-4A34-8A73-0731A148EDBE} = {5E17888E-0FBF-490B-86E4-158D2E1F0C31}
		{28BCB16D-C478-4F49-9ACA-60DE5CD0E2BB} = {5E17888E-0FBF-490B-86E4-158D2E1F0C31}
		{21F93CD3-3634-4F93-BFEC-90F7DA76E758} = {5E17888E-0FBF-490B-86E4-158D2E1F0C31}
		{B97CAF8C-60D3-47CF-9DF0-740A3785AA20} = {5E17888E-0FBF-490B-86E4-158D2E1F0C31}
	EndGlobalSection
EndGlobal
